
Microsoft Visual Studio Solution File, Format Version 12.00
# Visual Studio 15
VisualStudioVersion = 15.0.27004.2010
MinimumVisualStudioVersion = 10.0.40219.1
Project("{FAE04EC0-301F-11D3-BF4B-00C04F79EFBC}") = "Powel.RKBasic.WebTests", "src\Powel.RKBasic.WebTests\Powel.RKBasic.WebTests.csproj", "{DAEC0DDD-4932-48F0-BC04-025633B4E4BF}"
EndProject
Global
	GlobalSection(SolutionConfigurationPlatforms) = preSolution
		Debug|Any CPU = Debug|Any CPU
		Release|Any CPU = Release|Any CPU
	EndGlobalSection
	GlobalSection(ProjectConfigurationPlatforms) = postSolution
		{DAEC0DDD-4932-48F0-BC04-025633B4E4BF}.Debug|Any CPU.ActiveCfg = Debug|Any CPU
		{DAEC0DDD-4932-48F0-BC04-025633B4E4BF}.Debug|Any CPU.Build.0 = Debug|Any CPU
		{DAEC0DDD-4932-48F0-BC04-025633B4E4BF}.Release|Any CPU.ActiveCfg = Release|Any CPU
		{DAEC0DDD-4932-48F0-BC04-025633B4E4BF}.Release|Any CPU.Build.0 = Release|Any CPU
	EndGlobalSection
	GlobalSection(SolutionProperties) = preSolution
		HideSolutionNode = FALSE
	EndGlobalSection
	GlobalSection(ExtensibilityGlobals) = postSolution
		SolutionGuid = {67D5684B-81FD-4463-A35A-395DA63E17D3}
	EndGlobalSection
EndGlobal
